# This file is automatically @generated by Cargo.
# It is not intended for manual editing.
version = 4

[[package]]
name = "blocville"
version = "0.1.0"
dependencies = [
 "glam",
]

[[package]]
name = "glam"
version = "0.34.1"
source = "registry+https://github.com/rust-lang/crates.io-index"
checksum = "fc148d4ddd3930c52f9e5ae79b89805c6f07e9ff417e7b083e0348cea60a5aba"
